
Microsoft Visual Studio Solution File, Format Version 12.00
# Visual Studio 15
Project("{FAE04EC0-301F-11D3-BF4B-00C04F79EFBC}") = "Assembly-CSharp", "Assembly-CSharp.csproj", "{609E6953-1C7B-756C-4F2D-21B8748B7C11}"
EndProject
Project("{FAE04EC0-301F-11D3-BF4B-00C04F79EFBC}") = "AmplifyShaderEditor.Samples.BuiltIn", "AmplifyShaderEditor.Samples.BuiltIn.csproj", "{3070D6B6-5360-0F77-6629-535C2787C54B}"
EndProject
Project("{FAE04EC0-301F-11D3-BF4B-00C04F79EFBC}") = "Assembly-CSharp-Editor", "Assembly-CSharp-Editor.csproj", "{42FECD44-AEA7-986D-E0EA-F2B62F3A0D11}"
EndProject
Project("{FAE04EC0-301F-11D3-BF4B-00C04F79EFBC}") = "AmplifyShaderEditor", "AmplifyShaderEditor.csproj", "{ACDF3BA6-79D5-2753-7E13-44FC81170DD9}"
EndProject
Global
	GlobalSection(SolutionConfigurationPlatforms) = preSolution
		Debug|Any CPU = Debug|Any CPU
		Release|Any CPU = Release|Any CPU
	EndGlobalSection
	GlobalSection(ProjectConfigurationPlatforms) = postSolution
		{609E6953-1C7B-756C-4F2D-21B8748B7C11}.Debug|Any CPU.ActiveCfg = Debug|Any CPU
		{609E6953-1C7B-756C-4F2D-21B8748B7C11}.Debug|Any CPU.Build.0 = Debug|Any CPU
		{609E6953-1C7B-756C-4F2D-21B8748B7C11}.Release|Any CPU.ActiveCfg = Release|Any CPU
		{609E6953-1C7B-756C-4F2D-21B8748B7C11}.Release|Any CPU.Build.0 = Release|Any CPU
		{3070D6B6-5360-0F77-6629-535C2787C54B}.Debug|Any CPU.ActiveCfg = Debug|Any CPU
		{3070D6B6-5360-0F77-6629-535C2787C54B}.Debug|Any CPU.Build.0 = Debug|Any CPU
		{3070D6B6-5360-0F77-6629-535C2787C54B}.Release|Any CPU.ActiveCfg = Release|Any CPU
		{3070D6B6-5360-0F77-6629-535C2787C54B}.Release|Any CPU.Build.0 = Release|Any CPU
		{42FECD44-AEA7-986D-E0EA-F2B62F3A0D11}.Debug|Any CPU.ActiveCfg = Debug|Any CPU
		{42FECD44-AEA7-986D-E0EA-F2B62F3A0D11}.Debug|Any CPU.Build.0 = Debug|Any CPU
		{42FECD44-AEA7-986D-E0EA-F2B62F3A0D11}.Release|Any CPU.ActiveCfg = Release|Any CPU
		{42FECD44-AEA7-986D-E0EA-F2B62F3A0D11}.Release|Any CPU.Build.0 = Release|Any CPU
		{ACDF3BA6-79D5-2753-7E13-44FC81170DD9}.Debug|Any CPU.ActiveCfg = Debug|Any CPU
		{ACDF3BA6-79D5-2753-7E13-44FC81170DD9}.Debug|Any CPU.Build.0 = Debug|Any CPU
		{ACDF3BA6-79D5-2753-7E13-44FC81170DD9}.Release|Any CPU.ActiveCfg = Release|Any CPU
		{ACDF3BA6-79D5-2753-7E13-44FC81170DD9}.Release|Any CPU.Build.0 = Release|Any CPU
	EndGlobalSection
	GlobalSection(SolutionProperties) = preSolution
		HideSolutionNode = FALSE
	EndGlobalSection
EndGlobal
